// !$*UTF8*$!
{
	archiveVersion = 1;
	classes = {
	};
	objectVersion = 46;
	objects = {

/* Begin PBXBuildFile section */
		0DC7A7691BA489DD00EAE58A /* AppDelegate.swift in Sources */ = {isa = PBXBuildFile; fileRef = 0DC7A7681BA489DD00EAE58A /* AppDelegate.swift */; };
		0DC7A76B1BA489DD00EAE58A /* ViewController.swift in Sources */ = {isa = PBXBuildFile; fileRef = 0DC7A76A1BA489DD00EAE58A /* ViewController.swift */; };
		0DC7A76E1BA489DD00EAE58A /* Main.storyboard in Resources */ = {isa = PBXBuildFile; fileRef = 0DC7A76C1BA489DD00EAE58A /* Main.storyboard */; };
		0DC7A7701BA489DD00EAE58A /* Images.xcassets in Resources */ = {isa = PBXBuildFile; fileRef = 0DC7A76F1BA489DD00EAE58A /* Images.xcassets */; };
		0DC7A7731BA489DD00EAE58A /* LaunchScreen.xib in Resources */ = {isa = PBXBuildFile; fileRef = 0DC7A7711BA489DD00EAE58A /* LaunchScreen.xib */; };
		0DC7A77F1BA489DD00EAE58A /* ConnectionAwareVCExampleTests.swift in Sources */ = {isa = PBXBuildFile; fileRef = 0DC7A77E1BA489DD00EAE58A /* ConnectionAwareVCExampleTests.swift */; };
		0DC7A78A1BA489FF00EAE58A /* ConnectionAwareVC.swift in Sources */ = {isa = PBXBuildFile; fileRef = 0DC7A7891BA489FF00EAE58A /* ConnectionAwareVC.swift */; };
		0DC7A7921BA4900600EAE58A /* Pods.framework in Frameworks */ = {isa = PBXBuildFile; fileRef = 0DC7A7911BA4900600EAE58A /* Pods.framework */; };
		0DC7A7941BA4914D00EAE58A /* ReachabilitySwift.framework in Frameworks */ = {isa = PBXBuildFile; fileRef = 0DC7A7931BA4914D00EAE58A /* ReachabilitySwift.framework */; };
		E8E2D6C7803036BB64726FBA /* Pods.framework in Frameworks */ = {isa = PBXBuildFile; fileRef = D5601F5B3179B73A37969FB9 /* Pods.framework */; settings = {ATTRIBUTES = (Weak, ); }; };
/* End PBXBuildFile section */

/* Begin PBXContainerItemProxy section */
		0DC7A7791BA489DD00EAE58A /* PBXContainerItemProxy */ = {
			isa = PBXContainerItemProxy;
			containerPortal = 0DC7A75B1BA489DD00EAE58A /* Project object */;
			proxyType = 1;
			remoteGlobalIDString = 0DC7A7621BA489DD00EAE58A;
			remoteInfo = ConnectionAwareVCExample;
		};
/* End PBXContainerItemProxy section */

/* Begin PBXFileReference section */
		0DC7A7631BA489DD00EAE58A /* ConnectionAwareVCExample.app */ = {isa = PBXFileReference; explicitFileType = wrapper.application; includeInIndex = 0; path = ConnectionAwareVCExample.app; sourceTree = BUILT_PRODUCTS_DIR; };
		0DC7A7671BA489DD00EAE58A /* Info.plist */ = {isa = PBXFileReference; lastKnownFileType = text.plist.xml; path = Info.plist; sourceTree = "<group>"; };
		0DC7A7681BA489DD00EAE58A /* AppDelegate.swift */ = {isa = PBXFileReference; lastKnownFileType = sourcecode.swift; path = AppDelegate.swift; sourceTree = "<group>"; };
		0DC7A76A1BA489DD00EAE58A /* ViewController.swift */ = {isa = PBXFileReference; lastKnownFileType = sourcecode.swift; path = ViewController.swift; sourceTree = "<group>"; };
		0DC7A76D1BA489DD00EAE58A /* Base */ = {isa = PBXFileReference; lastKnownFileType = file.storyboard; name = Base; path = Base.lproj/Main.storyboard; sourceTree = "<group>"; };
		0DC7A76F1BA489DD00EAE58A /* Images.xcassets */ = {isa = PBXFileReference; lastKnownFileType = folder.assetcatalog; path = Images.xcassets; sourceTree = "<group>"; };
		0DC7A7721BA489DD00EAE58A /* Base */ = {isa = PBXFileReference; lastKnownFileType = file.xib; name = Base; path = Base.lproj/LaunchScreen.xib; sourceTree = "<group>"; };
		0DC7A7781BA489DD00EAE58A /* ConnectionAwareVCExampleTests.xctest */ = {isa = PBXFileReference; explicitFileType = wrapper.cfbundle; includeInIndex = 0; path = ConnectionAwareVCExampleTests.xctest; sourceTree = BUILT_PRODUCTS_DIR; };
		0DC7A77D1BA489DD00EAE58A /* Info.plist */ = {isa = PBXFileReference; lastKnownFileType = text.plist.xml; path = Info.plist; sourceTree = "<group>"; };
		0DC7A77E1BA489DD00EAE58A /* ConnectionAwareVCExampleTests.swift */ = {isa = PBXFileReference; lastKnownFileType = sourcecode.swift; path = ConnectionAwareVCExampleTests.swift; sourceTree = "<group>"; };
		0DC7A7891BA489FF00EAE58A /* ConnectionAwareVC.swift */ = {isa = PBXFileReference; fileEncoding = 4; lastKnownFileType = sourcecode.swift; path = ConnectionAwareVC.swift; sourceTree = "<group>"; };
		0DC7A78B1BA48DE700EAE58A /* ReachabilitySwift.framework */ = {isa = PBXFileReference; lastKnownFileType = wrapper.framework; name = ReachabilitySwift.framework; path = "Pods/../build/Debug-iphoneos/Pods/ReachabilitySwift.framework"; sourceTree = "<group>"; };
		0DC7A78D1BA48E8F00EAE58A /* ReachabilitySwift.framework */ = {isa = PBXFileReference; lastKnownFileType = wrapper.framework; name = ReachabilitySwift.framework; path = "Pods/../build/Debug-iphoneos/Pods/ReachabilitySwift.framework"; sourceTree = "<group>"; };
		0DC7A78F1BA48F8700EAE58A /* Pods.framework */ = {isa = PBXFileReference; lastKnownFileType = wrapper.framework; name = Pods.framework; path = "Pods/../build/Debug-iphoneos/Pods.framework"; sourceTree = "<group>"; };
		0DC7A7911BA4900600EAE58A /* Pods.framework */ = {isa = PBXFileReference; lastKnownFileType = wrapper.framework; name = Pods.framework; path = "Pods/../build/Debug-iphoneos/Pods.framework"; sourceTree = "<group>"; };
		0DC7A7931BA4914D00EAE58A /* ReachabilitySwift.framework */ = {isa = PBXFileReference; lastKnownFileType = wrapper.framework; name = ReachabilitySwift.framework; path = "Pods/../build/Debug-iphoneos/ReachabilitySwift.framework"; sourceTree = "<group>"; };
		10586A0E1F6B1FDE2FE3B19C /* Pods.debug.xcconfig */ = {isa = PBXFileReference; includeInIndex = 1; lastKnownFileType = text.xcconfig; name = Pods.debug.xcconfig; path = "Pods/Target Support Files/Pods/Pods.debug.xcconfig"; sourceTree = "<group>"; };
		15A2AD7FBDC7D4710F697E85 /* Pods.release.xcconfig */ = {isa = PBXFileReference; includeInIndex = 1; lastKnownFileType = text.xcconfig; name = Pods.release.xcconfig; path = "Pods/Target Support Files/Pods/Pods.release.xcconfig"; sourceTree = "<group>"; };
		D5601F5B3179B73A37969FB9 /* Pods.framework */ = {isa = PBXFileReference; explicitFileType = wrapper.framework; includeInIndex = 0; path = Pods.framework; sourceTree = BUILT_PRODUCTS_DIR; };
/* End PBXFileReference section */

/* Begin PBXFrameworksBuildPhase section */
		0DC7A7601BA489DD00EAE58A /* Frameworks */ = {
			isa = PBXFrameworksBuildPhase;
			buildActionMask = 2147483647;
			files = (
				0DC7A7941BA4914D00EAE58A /* ReachabilitySwift.framework in Frameworks */,
				0DC7A7921BA4900600EAE58A /* Pods.framework in Frameworks */,
			);
			runOnlyForDeploymentPostprocessing = 0;
		};
		0DC7A7751BA489DD00EAE58A /* Frameworks */ = {
			isa = PBXFrameworksBuildPhase;
			buildActionMask = 2147483647;
			files = (
				E8E2D6C7803036BB64726FBA /* Pods.framework in Frameworks */,
			);
			runOnlyForDeploymentPostprocessing = 0;
		};
/* End PBXFrameworksBuildPhase section */

/* Begin PBXGroup section */
		0DC7A75A1BA489DD00EAE58A = {
			isa = PBXGroup;
			children = (
				0DC7A7881BA489F900EAE58A /* ConnectionAwareVC */,
				0DC7A7651BA489DD00EAE58A /* ConnectionAwareVCExample */,
				0DC7A77B1BA489DD00EAE58A /* ConnectionAwareVCExampleTests */,
				0DC7A7641BA489DD00EAE58A /* Products */,
				B8B361CAF2602F7EE9701D86 /* Pods */,
				32E11B765388712FD71C9378 /* Frameworks */,
			);
			sourceTree = "<group>";
		};
		0DC7A7641BA489DD00EAE58A /* Products */ = {
			isa = PBXGroup;
			children = (
				0DC7A7631BA489DD00EAE58A /* ConnectionAwareVCExample.app */,
				0DC7A7781BA489DD00EAE58A /* ConnectionAwareVCExampleTests.xctest */,
			);
			name = Products;
			sourceTree = "<group>";
		};
		0DC7A7651BA489DD00EAE58A /* ConnectionAwareVCExample */ = {
			isa = PBXGroup;
			children = (
				0DC7A7681BA489DD00EAE58A /* AppDelegate.swift */,
				0DC7A76A1BA489DD00EAE58A /* ViewController.swift */,
				0DC7A76C1BA489DD00EAE58A /* Main.storyboard */,
				0DC7A76F1BA489DD00EAE58A /* Images.xcassets */,
				0DC7A7711BA489DD00EAE58A /* LaunchScreen.xib */,
				0DC7A7661BA489DD00EAE58A /* Supporting Files */,
			);
			path = ConnectionAwareVCExample;
			sourceTree = "<group>";
		};
		0DC7A7661BA489DD00EAE58A /* Supporting Files */ = {
			isa = PBXGroup;
			children = (
				0DC7A7671BA489DD00EAE58A /* Info.plist */,
			);
			name = "Supporting Files";
			sourceTree = "<group>";
		};
		0DC7A77B1BA489DD00EAE58A /* ConnectionAwareVCExampleTests */ = {
			isa = PBXGroup;
			children = (
				0DC7A77E1BA489DD00EAE58A /* ConnectionAwareVCExampleTests.swift */,
				0DC7A77C1BA489DD00EAE58A /* Supporting Files */,
			);
			path = ConnectionAwareVCExampleTests;
			sourceTree = "<group>";
		};
		0DC7A77C1BA489DD00EAE58A /* Supporting Files */ = {
			isa = PBXGroup;
			children = (
				0DC7A77D1BA489DD00EAE58A /* Info.plist */,
			);
			name = "Supporting Files";
			sourceTree = "<group>";
		};
		0DC7A7881BA489F900EAE58A /* ConnectionAwareVC */ = {
			isa = PBXGroup;
			children = (
				0DC7A7891BA489FF00EAE58A /* ConnectionAwareVC.swift */,
			);
			path = ConnectionAwareVC;
			sourceTree = "<group>";
		};
		32E11B765388712FD71C9378 /* Frameworks */ = {
			isa = PBXGroup;
			children = (
				0DC7A7931BA4914D00EAE58A /* ReachabilitySwift.framework */,
				0DC7A7911BA4900600EAE58A /* Pods.framework */,
				0DC7A78F1BA48F8700EAE58A /* Pods.framework */,
				0DC7A78D1BA48E8F00EAE58A /* ReachabilitySwift.framework */,
				0DC7A78B1BA48DE700EAE58A /* ReachabilitySwift.framework */,
				D5601F5B3179B73A37969FB9 /* Pods.framework */,
			);
			name = Frameworks;
			sourceTree = "<group>";
		};
		B8B361CAF2602F7EE9701D86 /* Pods */ = {
			isa = PBXGroup;
			children = (
				10586A0E1F6B1FDE2FE3B19C /* Pods.debug.xcconfig */,
				15A2AD7FBDC7D4710F697E85 /* Pods.release.xcconfig */,
			);
			name = Pods;
			sourceTree = "<group>";
		};
/* End PBXGroup section */

/* Begin PBXNativeTarget section */
		0DC7A7621BA489DD00EAE58A /* ConnectionAwareVCExample */ = {
			isa = PBXNativeTarget;
			buildConfigurationList = 0DC7A7821BA489DD00EAE58A /* Build configuration list for PBXNativeTarget "ConnectionAwareVCExample" */;
			buildPhases = (
				71753A9460228D1D5AC181CF /* Check Pods Manifest.lock */,
				0DC7A7601BA489DD00EAE58A /* Frameworks */,
				0DC7A75F1BA489DD00EAE58A /* Sources */,
				0DC7A7611BA489DD00EAE58A /* Resources */,
				59477BD37FCDEBFFE478064B /* Embed Pods Frameworks */,
				F897163F8E6565C52F0D701B /* Copy Pods Resources */,
			);
			buildRules = (
			);
			dependencies = (
			);
			name = ConnectionAwareVCExample;
			productName = ConnectionAwareVCExample;
			productReference = 0DC7A7631BA489DD00EAE58A /* ConnectionAwareVCExample.app */;
			productType = "com.apple.product-type.application";
		};
		0DC7A7771BA489DD00EAE58A /* ConnectionAwareVCExampleTests */ = {
			isa = PBXNativeTarget;
			buildConfigurationList = 0DC7A7851BA489DD00EAE58A /* Build configuration list for PBXNativeTarget "ConnectionAwareVCExampleTests" */;
			buildPhases = (
				8916957A11EE120BBCBF808B /* Check Pods Manifest.lock */,
				0DC7A7741BA489DD00EAE58A /* Sources */,
				0DC7A7751BA489DD00EAE58A /* Frameworks */,
				0DC7A7761BA489DD00EAE58A /* Resources */,
				E2CE9AA2EB3AB19D5CE01304 /* Embed Pods Frameworks */,
				8ACC4ECFA7F2692C8DB18924 /* Copy Pods Resources */,
			);
			buildRules = (
			);
			dependencies = (
				0DC7A77A1BA489DD00EAE58A /* PBXTargetDependency */,
			);
			name = ConnectionAwareVCExampleTests;
			productName = ConnectionAwareVCExampleTests;
			productReference = 0DC7A7781BA489DD00EAE58A /* ConnectionAwareVCExampleTests.xctest */;
			productType = "com.apple.product-type.bundle.unit-test";
		};
/* End PBXNativeTarget section */

/* Begin PBXProject section */
		0DC7A75B1BA489DD00EAE58A /* Project object */ = {
			isa = PBXProject;
			attributes = {
				LastUpgradeCheck = 0630;
				ORGANIZATIONNAME = "Peter Prokop";
				TargetAttributes = {
					0DC7A7621BA489DD00EAE58A = {
						CreatedOnToolsVersion = 6.3;
					};
					0DC7A7771BA489DD00EAE58A = {
						CreatedOnToolsVersion = 6.3;
						TestTargetID = 0DC7A7621BA489DD00EAE58A;
					};
				};
			};
			buildConfigurationList = 0DC7A75E1BA489DD00EAE58A /* Build configuration list for PBXProject "ConnectionAwareVCExample" */;
			compatibilityVersion = "Xcode 3.2";
			developmentRegion = English;
			hasScannedForEncodings = 0;
			knownRegions = (
				en,
				Base,
			);
			mainGroup = 0DC7A75A1BA489DD00EAE58A;
			productRefGroup = 0DC7A7641BA489DD00EAE58A /* Products */;
			projectDirPath = "";
			projectRoot = "";
			targets = (
				0DC7A7621BA489DD00EAE58A /* ConnectionAwareVCExample */,
				0DC7A7771BA489DD00EAE58A /* ConnectionAwareVCExampleTests */,
			);
		};
/* End PBXProject section */

/* Begin PBXResourcesBuildPhase section */
		0DC7A7611BA489DD00EAE58A /* Resources */ = {
			isa = PBXResourcesBuildPhase;
			buildActionMask = 2147483647;
			files = (
				0DC7A76E1BA489DD00EAE58A /* Main.storyboard in Resources */,
				0DC7A7731BA489DD00EAE58A /* LaunchScreen.xib in Resources */,
				0DC7A7701BA489DD00EAE58A /* Images.xcassets in Resources */,
			);
			runOnlyForDeploymentPostprocessing = 0;
		};
		0DC7A7761BA489DD00EAE58A /* Resources */ = {
			isa = PBXResourcesBuildPhase;
			buildActionMask = 2147483647;
			files = (
			);
			runOnlyForDeploymentPostprocessing = 0;
		};
/* End PBXResourcesBuildPhase section */

/* Begin PBXShellScriptBuildPhase section */
		59477BD37FCDEBFFE478064B /* Embed Pods Frameworks */ = {
			isa = PBXShellScriptBuildPhase;
			buildActionMask = 2147483647;
			files = (
			);
			inputPaths = (
			);
			name = "Embed Pods Frameworks";
			outputPaths = (
			);
			runOnlyForDeploymentPostprocessing = 0;
			shellPath = /bin/sh;
			shellScript = "\"${SRCROOT}/Pods/Target Support Files/Pods/Pods-frameworks.sh\"\n";
			showEnvVarsInLog = 0;
		};
		71753A9460228D1D5AC181CF /* Check Pods Manifest.lock */ = {
			isa = PBXShellScriptBuildPhase;
			buildActionMask = 2147483647;
			files = (
			);
			inputPaths = (
			);
			name = "Check Pods Manifest.lock";
			outputPaths = (
			);
			runOnlyForDeploymentPostprocessing = 0;
			shellPath = /bin/sh;
			shellScript = "diff \"${PODS_ROOT}/../Podfile.lock\" \"${PODS_ROOT}/Manifest.lock\" > /dev/null\nif [[ $? != 0 ]] ; then\n    cat << EOM\nerror: The sandbox is not in sync with the Podfile.lock. Run 'pod install' or update your CocoaPods installation.\nEOM\n    exit 1\nfi\n";
			showEnvVarsInLog = 0;
		};
		8916957A11EE120BBCBF808B /* Check Pods Manifest.lock */ = {
			isa = PBXShellScriptBuildPhase;
			buildActionMask = 2147483647;
			files = (
			);
			inputPaths = (
			);
			name = "Check Pods Manifest.lock";
			outputPaths = (
			);
			runOnlyForDeploymentPostprocessing = 0;
			shellPath = /bin/sh;
			shellScript = "diff \"${PODS_ROOT}/../Podfile.lock\" \"${PODS_ROOT}/Manifest.lock\" > /dev/null\nif [[ $? != 0 ]] ; then\n    cat << EOM\nerror: The sandbox is not in sync with the Podfile.lock. Run 'pod install' or update your CocoaPods installation.\nEOM\n    exit 1\nfi\n";
			showEnvVarsInLog = 0;
		};
		8ACC4ECFA7F2692C8DB18924 /* Copy Pods Resources */ = {
			isa = PBXShellScriptBuildPhase;
			buildActionMask = 2147483647;
			files = (
			);
			inputPaths = (
			);
			name = "Copy Pods Resources";
			outputPaths = (
			);
			runOnlyForDeploymentPostprocessing = 0;
			shellPath = /bin/sh;
			shellScript = "\"${SRCROOT}/Pods/Target Support Files/Pods/Pods-resources.sh\"\n";
			showEnvVarsInLog = 0;
		};
		E2CE9AA2EB3AB19D5CE01304 /* Embed Pods Frameworks */ = {
			isa = PBXShellScriptBuildPhase;
			buildActionMask = 2147483647;
			files = (
			);
			inputPaths = (
			);
			name = "Embed Pods Frameworks";
			outputPaths = (
			);
			runOnlyForDeploymentPostprocessing = 0;
			shellPath = /bin/sh;
			shellScript = "\"${SRCROOT}/Pods/Target Support Files/Pods/Pods-frameworks.sh\"\n";
			showEnvVarsInLog = 0;
		};
		F897163F8E6565C52F0D701B /* Copy Pods Resources */ = {
			isa = PBXShellScriptBuildPhase;
			buildActionMask = 2147483647;
			files = (
			);
			inputPaths = (
			);
			name = "Copy Pods Resources";
			outputPaths = (
			);
			runOnlyForDeploymentPostprocessing = 0;
			shellPath = /bin/sh;
			shellScript = "\"${SRCROOT}/Pods/Target Support Files/Pods/Pods-resources.sh\"\n";
			showEnvVarsInLog = 0;
		};
/* End PBXShellScriptBuildPhase section */

/* Begin PBXSourcesBuildPhase section */
		0DC7A75F1BA489DD00EAE58A /* Sources */ = {
			isa = PBXSourcesBuildPhase;
			buildActionMask = 2147483647;
			files = (
				0DC7A76B1BA489DD00EAE58A /* ViewController.swift in Sources */,
				0DC7A7691BA489DD00EAE58A /* AppDelegate.swift in Sources */,
				0DC7A78A1BA489FF00EAE58A /* ConnectionAwareVC.swift in Sources */,
			);
			runOnlyForDeploymentPostprocessing = 0;
		};
		0DC7A7741BA489DD00EAE58A /* Sources */ = {
			isa = PBXSourcesBuildPhase;
			buildActionMask = 2147483647;
			files = (
				0DC7A77F1BA489DD00EAE58A /* ConnectionAwareVCExampleTests.swift in Sources */,
			);
			runOnlyForDeploymentPostprocessing = 0;
		};
/* End PBXSourcesBuildPhase section */

/* Begin PBXTargetDependency section */
		0DC7A77A1BA489DD00EAE58A /* PBXTargetDependency */ = {
			isa = PBXTargetDependency;
			target = 0DC7A7621BA489DD00EAE58A /* ConnectionAwareVCExample */;
			targetProxy = 0DC7A7791BA489DD00EAE58A /* PBXContainerItemProxy */;
		};
/* End PBXTargetDependency section */

/* Begin PBXVariantGroup section */
		0DC7A76C1BA489DD00EAE58A /* Main.storyboard */ = {
			isa = PBXVariantGroup;
			children = (
				0DC7A76D1BA489DD00EAE58A /* Base */,
			);
			name = Main.storyboard;
			sourceTree = "<group>";
		};
		0DC7A7711BA489DD00EAE58A /* LaunchScreen.xib */ = {
			isa = PBXVariantGroup;
			children = (
				0DC7A7721BA489DD00EAE58A /* Base */,
			);
			name = LaunchScreen.xib;
			sourceTree = "<group>";
		};
/* End PBXVariantGroup section */

/* Begin XCBuildConfiguration section */
		0DC7A7801BA489DD00EAE58A /* Debug */ = {
			isa = XCBuildConfiguration;
			buildSettings = {
				ALWAYS_SEARCH_USER_PATHS = NO;
				CLANG_CXX_LANGUAGE_STANDARD = "gnu++0x";
				CLANG_CXX_LIBRARY = "libc++";
				CLANG_ENABLE_MODULES = YES;
				CLANG_ENABLE_OBJC_ARC = YES;
				CLANG_WARN_BOOL_CONVERSION = YES;
				CLANG_WARN_CONSTANT_CONVERSION = YES;
				CLANG_WARN_DIRECT_OBJC_ISA_USAGE = YES_ERROR;
				CLANG_WARN_EMPTY_BODY = YES;
				CLANG_WARN_ENUM_CONVERSION = YES;
				CLANG_WARN_INT_CONVERSION = YES;
				CLANG_WARN_OBJC_ROOT_CLASS = YES_ERROR;
				CLANG_WARN_UNREACHABLE_CODE = YES;
				CLANG_WARN__DUPLICATE_METHOD_MATCH = YES;
				"CODE_SIGN_IDENTITY[sdk=iphoneos*]" = "iPhone Developer";
				COPY_PHASE_STRIP = NO;
				DEBUG_INFORMATION_FORMAT = "dwarf-with-dsym";
				ENABLE_STRICT_OBJC_MSGSEND = YES;
				GCC_C_LANGUAGE_STANDARD = gnu99;
				GCC_DYNAMIC_NO_PIC = NO;
				GCC_NO_COMMON_BLOCKS = YES;
				GCC_OPTIMIZATION_LEVEL = 0;
				GCC_PREPROCESSOR_DEFINITIONS = (
					"DEBUG=1",
					"$(inherited)",
				);
				GCC_SYMBOLS_PRIVATE_EXTERN = NO;
				GCC_WARN_64_TO_32_BIT_CONVERSION = YES;
				GCC_WARN_ABOUT_RETURN_TYPE = YES_ERROR;
				GCC_WARN_UNDECLARED_SELECTOR = YES;
				GCC_WARN_UNINITIALIZED_AUTOS = YES_AGGRESSIVE;
				GCC_WARN_UNUSED_FUNCTION = YES;
				GCC_WARN_UNUSED_VARIABLE = YES;
				IPHONEOS_DEPLOYMENT_TARGET = 8.0;
				MTL_ENABLE_DEBUG_INFO = YES;
				ONLY_ACTIVE_ARCH = YES;
				SDKROOT = iphoneos;
				SWIFT_OPTIMIZATION_LEVEL = "-Onone";
			};
			name = Debug;
		};
		0DC7A7811BA489DD00EAE58A /* Release */ = {
			isa = XCBuildConfiguration;
			buildSettings = {
				ALWAYS_SEARCH_USER_PATHS = NO;
				CLANG_CXX_LANGUAGE_STANDARD = "gnu++0x";
				CLANG_CXX_LIBRARY = "libc++";
				CLANG_ENABLE_MODULES = YES;
				CLANG_ENABLE_OBJC_ARC = YES;
				CLANG_WARN_BOOL_CONVERSION = YES;
				CLANG_WARN_CONSTANT_CONVERSION = YES;
				CLANG_WARN_DIRECT_OBJC_ISA_USAGE = YES_ERROR;
				CLANG_WARN_EMPTY_BODY = YES;
				CLANG_WARN_ENUM_CONVERSION = YES;
				CLANG_WARN_INT_CONVERSION = YES;
				CLANG_WARN_OBJC_ROOT_CLASS = YES_ERROR;
				CLANG_WARN_UNREACHABLE_CODE = YES;
				CLANG_WARN__DUPLICATE_METHOD_MATCH = YES;
				"CODE_SIGN_IDENTITY[sdk=iphoneos*]" = "iPhone Developer";
				COPY_PHASE_STRIP = NO;
				DEBUG_INFORMATION_FORMAT = "dwarf-with-dsym";
				ENABLE_NS_ASSERTIONS = NO;
				ENABLE_STRICT_OBJC_MSGSEND = YES;
				GCC_C_LANGUAGE_STANDARD = gnu99;
				GCC_NO_COMMON_BLOCKS = YES;
				GCC_WARN_64_TO_32_BIT_CONVERSION = YES;
				GCC_WARN_ABOUT_RETURN_TYPE = YES_ERROR;
				GCC_WARN_UNDECLARED_SELECTOR = YES;
				GCC_WARN_UNINITIALIZED_AUTOS = YES_AGGRESSIVE;
				GCC_WARN_UNUSED_FUNCTION = YES;
				GCC_WARN_UNUSED_VARIABLE = YES;
				IPHONEOS_DEPLOYMENT_TARGET = 8.0;
				MTL_ENABLE_DEBUG_INFO = NO;
				SDKROOT = iphoneos;
				VALIDATE_PRODUCT = YES;
			};
			name = Release;
		};
		0DC7A7831BA489DD00EAE58A /* Debug */ = {
			isa = XCBuildConfiguration;
			baseConfigurationReference = 10586A0E1F6B1FDE2FE3B19C /* Pods.debug.xcconfig */;
			buildSettings = {
				ASSETCATALOG_COMPILER_APPICON_NAME = AppIcon;
				FRAMEWORK_SEARCH_PATHS = (
					"$(inherited)",
					"$(PROJECT_DIR)/build/Debug-iphoneos/Pods",
					"$(PROJECT_DIR)/build/Debug-iphoneos",
				);
				INFOPLIST_FILE = ConnectionAwareVCExample/Info.plist;
				LD_RUNPATH_SEARCH_PATHS = "$(inherited) @executable_path/Frameworks";
				PRODUCT_NAME = "$(TARGET_NAME)";
			};
			name = Debug;
		};
		0DC7A7841BA489DD00EAE58A /* Release */ = {
			isa = XCBuildConfiguration;
			baseConfigurationReference = 15A2AD7FBDC7D4710F697E85 /* Pods.release.xcconfig */;
			buildSettings = {
				ASSETCATALOG_COMPILER_APPICON_NAME = AppIcon;
				FRAMEWORK_SEARCH_PATHS = (
					"$(inherited)",
					"$(PROJECT_DIR)/build/Debug-iphoneos/Pods",
					"$(PROJECT_DIR)/build/Debug-iphoneos",
				);
				INFOPLIST_FILE = ConnectionAwareVCExample/Info.plist;
				LD_RUNPATH_SEARCH_PATHS = "$(inherited) @executable_path/Frameworks";
				PRODUCT_NAME = "$(TARGET_NAME)";
			};
			name = Release;
		};
		0DC7A7861BA489DD00EAE58A /* Debug */ = {
			isa = XCBuildConfiguration;
			baseConfigurationReference = 10586A0E1F6B1FDE2FE3B19C /* Pods.debug.xcconfig */;
			buildSettings = {
				BUNDLE_LOADER = "$(TEST_HOST)";
				FRAMEWORK_SEARCH_PATHS = (
					"$(SDKROOT)/Developer/Library/Frameworks",
					"$(inherited)",
				);
				GCC_PREPROCESSOR_DEFINITIONS = (
					"DEBUG=1",
					"$(inherited)",
				);
				INFOPLIST_FILE = ConnectionAwareVCExampleTests/Info.plist;
				LD_RUNPATH_SEARCH_PATHS = "$(inherited) @executable_path/Frameworks @loader_path/Frameworks";
				PRODUCT_NAME = "$(TARGET_NAME)";
				TEST_HOST = "$(BUILT_PRODUCTS_DIR)/ConnectionAwareVCExample.app/ConnectionAwareVCExample";
			};
			name = Debug;
		};
		0DC7A7871BA489DD00EAE58A /* Release */ = {
			isa = XCBuildConfiguration;
			baseConfigurationReference = 15A2AD7FBDC7D4710F697E85 /* Pods.release.xcconfig */;
			buildSettings = {
				BUNDLE_LOADER = "$(TEST_HOST)";
				FRAMEWORK_SEARCH_PATHS = (
					"$(SDKROOT)/Developer/Library/Frameworks",
					"$(inherited)",
				);
				INFOPLIST_FILE = ConnectionAwareVCExampleTests/Info.plist;
				LD_RUNPATH_SEARCH_PATHS = "$(inherited) @executable_path/Frameworks @loader_path/Frameworks";
				PRODUCT_NAME = "$(TARGET_NAME)";
				TEST_HOST = "$(BUILT_PRODUCTS_DIR)/ConnectionAwareVCExample.app/ConnectionAwareVCExample";
			};
			name = Release;
		};
/* End XCBuildConfiguration section */

/* Begin XCConfigurationList section */
		0DC7A75E1BA489DD00EAE58A /* Build configuration list for PBXProject "ConnectionAwareVCExample" */ = {
			isa = XCConfigurationList;
			buildConfigurations = (
				0DC7A7801BA489DD00EAE58A /* Debug */,
				0DC7A7811BA489DD00EAE58A /* Release */,
			);
			defaultConfigurationIsVisible = 0;
			defaultConfigurationName = Release;
		};
		0DC7A7821BA489DD00EAE58A /* Build configuration list for PBXNativeTarget "ConnectionAwareVCExample" */ = {
			isa = XCConfigurationList;
			buildConfigurations = (
				0DC7A7831BA489DD00EAE58A /* Debug */,
				0DC7A7841BA489DD00EAE58A /* Release */,
			);
			defaultConfigurationIsVisible = 0;
			defaultConfigurationName = Release;
		};
		0DC7A7851BA489DD00EAE58A /* Build configuration list for PBXNativeTarget "ConnectionAwareVCExampleTests" */ = {
			isa = XCConfigurationList;
			buildConfigurations = (
				0DC7A7861BA489DD00EAE58A /* Debug */,
				0DC7A7871BA489DD00EAE58A /* Release */,
			);
			defaultConfigurationIsVisible = 0;
			defaultConfigurationName = Release;
		};
/* End XCConfigurationList section */
	};
	rootObject = 0DC7A75B1BA489DD00EAE58A /* Project object */;
}
